# This file was autogenerated by Stack.
# You should not edit this file by hand.
# For more information, please see the documentation at:
#   https://docs.haskellstack.org/en/stable/lock_files

packages:
- completed:
    hackage: haskell-src-1.0.3.1@sha256:ce567daac8daf14068784f473baecef70e383840ef829386a2481e0fb26730e3,1615
    pantry-tree:
      size: 621
      sha256: ea085b1694919dc2617aaa764fc96197a51358bf30346980c8ef3aba81e306ea
  original:
    hackage: haskell-src-1.0.3.1@sha256:ce567daac8daf14068784f473baecef70e383840ef829386a2481e0fb26730e3,1615
- completed:
    hackage: HTF-0.14.0.5@sha256:2e0ed230ab42e0da286e600b46ee369152427ab11ad36c2ca69465d478516c44,6962
    pantry-tree:
      size: 7779
      sha256: e5ed7561945f4fa9857f8fc93f9c5d75c307af21df6c88aceccf5bd6ef7375e3
  original:
    hackage: HTF-0.14.0.5@sha256:2e0ed230ab42e0da286e600b46ee369152427ab11ad36c2ca69465d478516c44,6962
snapshots:
- completed:
    size: 563100
    url: https://raw.githubusercontent.com/commercialhaskell/stackage-snapshots/master/lts/17/0.yaml
    sha256: e93a85871577ea3423d5f3454b2b6bd37c2c2123c79faf511dfb64f5b49a9f8b
  original:
    url: https://raw.githubusercontent.com/commercialhaskell/stackage-snapshots/master/lts/17/0.yaml
