# This file was autogenerated by Stack.
# You should not edit this file by hand.
# For more information, please see the documentation at:
#   https://docs.haskellstack.org/en/stable/topics/lock_files

packages:
- completed:
    hackage: haskell-src-1.0.4.1@sha256:b650b0b6396df19b0b4b346c4235f059343744317504534974eee1342659683d,1955
    pantry-tree:
      sha256: be03fba5ce627537e406e1cd51f7fe46e0b57ad1987e26a284ba845229a8e641
      size: 622
  original:
    hackage: haskell-src-1.0.4.1@sha256:b650b0b6396df19b0b4b346c4235f059343744317504534974eee1342659683d,1955
- completed:
    hackage: HTF-0.15.0.2@sha256:c8c9859c2c9944e14ad415c972baa838be578580ac7ef47a752ff882f60d7e42,6771
    pantry-tree:
      sha256: 9cb7dc7603d3752ebf48c523e7a35210e3e4643c8e435ebbd505e35c488849e6
      size: 7726
  original:
    hackage: HTF-0.15.0.2@sha256:c8c9859c2c9944e14ad415c972baa838be578580ac7ef47a752ff882f60d7e42,6771
snapshots:
- completed:
    sha256: 3020db98a5e35009543057d6e6b96890d285890fc97688933e1798da92c8bbde
    size: 683815
    url: https://raw.githubusercontent.com/commercialhaskell/stackage-snapshots/master/lts/23/15.yaml
  original:
    url: https://raw.githubusercontent.com/commercialhaskell/stackage-snapshots/master/lts/23/15.yaml
